
Microsoft Visual Studio Solution File, Format Version 12.00
# Visual Studio Version 16
VisualStudioVersion = 16.0.30717.126
MinimumVisualStudioVersion = 10.0.40219.1
Project("{8BC9CEB8-8B4A-11D0-8D11-00A0C91BC942}") = "Ciphers", "Ciphers.vcxproj", "{5A6D5948-60B0-4248-9AD3-B1896EB527F8}"
EndProject
Global
	GlobalSection(SolutionConfigurationPlatforms) = preSolution
		Debug|x64 = Debug|x64
		Debug|x86 = Debug|x86
		Release|x64 = Release|x64
		Release|x86 = Release|x86
	EndGlobalSection
	GlobalSection(ProjectConfigurationPlatforms) = postSolution
		{5A6D5948-60B0-4248-9AD3-B1896EB527F8}.Debug|x64.ActiveCfg = Debug|x64
		{5A6D5948-60B0-4248-9AD3-B1896EB527F8}.Debug|x64.Build.0 = Debug|x64
		{5A6D5948-60B0-4248-9AD3-B1896EB527F8}.Debug|x86.ActiveCfg = Debug|Win32
		{5A6D5948-60B0-4248-9AD3-B1896EB527F8}.Debug|x86.Build.0 = Debug|Win32
		{5A6D5948-60B0-4248-9AD3-B1896EB527F8}.Release|x64.ActiveCfg = Release|x64
		{5A6D5948-60B0-4248-9AD3-B1896EB527F8}.Release|x64.Build.0 = Release|x64
		{5A6D5948-60B0-4248-9AD3-B1896EB527F8}.Release|x86.ActiveCfg = Release|Win32
		{5A6D5948-60B0-4248-9AD3-B1896EB527F8}.Release|x86.Build.0 = Release|Win32
	EndGlobalSection
	GlobalSection(SolutionProperties) = preSolution
		HideSolutionNode = FALSE
	EndGlobalSection
	GlobalSection(ExtensibilityGlobals) = postSolution
		SolutionGuid = {3FA0F617-705E-41CD-997B-3122AD8ED92B}
	EndGlobalSection
EndGlobal
